
Microsoft Visual Studio Solution File, Format Version 12.00
# Visual Studio Version 16
VisualStudioVersion = 16.0.29926.136
MinimumVisualStudioVersion = 10.0.40219.1
Project("{FAE04EC0-301F-11D3-BF4B-00C04F79EFBC}") = "WarframeMarketPlus.UWP", "WarframeMarketPlus\WarframeMarketPlus.UWP\WarframeMarketPlus.UWP.csproj", "{90853D3D-7BBA-409F-9732-9C5444B1F8D8}"
EndProject
Project("{FAE04EC0-301F-11D3-BF4B-00C04F79EFBC}") = "WarframeMarketPlus.Android", "WarframeMarketPlus\WarframeMarketPlus.Android\WarframeMarketPlus.Android.csproj", "{477288B1-B548-409D-8CD4-A7180E731E6F}"
EndProject
Project("{FAE04EC0-301F-11D3-BF4B-00C04F79EFBC}") = "WarframeMarketPlus", "WarframeMarketPlus\WarframeMarketPlus\WarframeMarketPlus.csproj", "{6A71B2C8-196C-4FD4-B85F-ECAC1B4C35BE}"
EndProject
Project("{FAE04EC0-301F-11D3-BF4B-00C04F79EFBC}") = "Warframe", "Warframe\Warframe.csproj", "{9FC7142F-CDF7-44F1-8968-9DF800FD77F4}"
EndProject
Global
	GlobalSection(SolutionConfigurationPlatforms) = preSolution
		Debug|Any CPU = Debug|Any CPU
		Debug|ARM = Debug|ARM
		Debug|x64 = Debug|x64
		Debug|x86 = Debug|x86
		Release|Any CPU = Release|Any CPU
		Release|ARM = Release|ARM
		Release|x64 = Release|x64
		Release|x86 = Release|x86
	EndGlobalSection
	GlobalSection(ProjectConfigurationPlatforms) = postSolution
		{90853D3D-7BBA-409F-9732-9C5444B1F8D8}.Debug|Any CPU.ActiveCfg = Debug|x86
		{90853D3D-7BBA-409F-9732-9C5444B1F8D8}.Debug|Any CPU.Build.0 = Debug|x86
		{90853D3D-7BBA-409F-9732-9C5444B1F8D8}.Debug|Any CPU.Deploy.0 = Debug|x86
		{90853D3D-7BBA-409F-9732-9C5444B1F8D8}.Debug|ARM.ActiveCfg = Debug|ARM
		{90853D3D-7BBA-409F-9732-9C5444B1F8D8}.Debug|ARM.Build.0 = Debug|ARM
		{90853D3D-7BBA-409F-9732-9C5444B1F8D8}.Debug|ARM.Deploy.0 = Debug|ARM
		{90853D3D-7BBA-409F-9732-9C5444B1F8D8}.Debug|x64.ActiveCfg = Debug|x64
		{90853D3D-7BBA-409F-9732-9C5444B1F8D8}.Debug|x64.Build.0 = Debug|x64
		{90853D3D-7BBA-409F-9732-9C5444B1F8D8}.Debug|x64.Deploy.0 = Debug|x64
		{90853D3D-7BBA-409F-9732-9C5444B1F8D8}.Debug|x86.ActiveCfg = Debug|x86
		{90853D3D-7BBA-409F-9732-9C5444B1F8D8}.Debug|x86.Build.0 = Debug|x86
		{90853D3D-7BBA-409F-9732-9C5444B1F8D8}.Debug|x86.Deploy.0 = Debug|x86
		{90853D3D-7BBA-409F-9732-9C5444B1F8D8}.Release|Any CPU.ActiveCfg = Release|x86
		{90853D3D-7BBA-409F-9732-9C5444B1F8D8}.Release|Any CPU.Build.0 = Release|x86
		{90853D3D-7BBA-409F-9732-9C5444B1F8D8}.Release|Any CPU.Deploy.0 = Release|x86
		{90853D3D-7BBA-409F-9732-9C5444B1F8D8}.Release|ARM.ActiveCfg = Release|ARM
		{90853D3D-7BBA-409F-9732-9C5444B1F8D8}.Release|ARM.Build.0 = Release|ARM
		{90853D3D-7BBA-409F-9732-9C5444B1F8D8}.Release|ARM.Deploy.0 = Release|ARM
		{90853D3D-7BBA-409F-9732-9C5444B1F8D8}.Release|x64.ActiveCfg = Release|x64
		{90853D3D-7BBA-409F-9732-9C5444B1F8D8}.Release|x64.Build.0 = Release|x64
		{90853D3D-7BBA-409F-9732-9C5444B1F8D8}.Release|x64.Deploy.0 = Release|x64
		{90853D3D-7BBA-409F-9732-9C5444B1F8D8}.Release|x86.ActiveCfg = Release|x86
		{90853D3D-7BBA-409F-9732-9C5444B1F8D8}.Release|x86.Build.0 = Release|x86
		{90853D3D-7BBA-409F-9732-9C5444B1F8D8}.Release|x86.Deploy.0 = Release|x86
		{477288B1-B548-409D-8CD4-A7180E731E6F}.Debug|Any CPU.ActiveCfg = Debug|Any CPU
		{477288B1-B548-409D-8CD4-A7180E731E6F}.Debug|Any CPU.Build.0 = Debug|Any CPU
		{477288B1-B548-409D-8CD4-A7180E731E6F}.Debug|Any CPU.Deploy.0 = Debug|Any CPU
		{477288B1-B548-409D-8CD4-A7180E731E6F}.Debug|ARM.ActiveCfg = Debug|Any CPU
		{477288B1-B548-409D-8CD4-A7180E731E6F}.Debug|ARM.Build.0 = Debug|Any CPU
		{477288B1-B548-409D-8CD4-A7180E731E6F}.Debug|ARM.Deploy.0 = Debug|Any CPU
		{477288B1-B548-409D-8CD4-A7180E731E6F}.Debug|x64.ActiveCfg = Debug|Any CPU
		{477288B1-B548-409D-8CD4-A7180E731E6F}.Debug|x64.Build.0 = Debug|Any CPU
		{477288B1-B548-409D-8CD4-A7180E731E6F}.Debug|x64.Deploy.0 = Debug|Any CPU
		{477288B1-B548-409D-8CD4-A7180E731E6F}.Debug|x86.ActiveCfg = Debug|Any CPU
		{477288B1-B548-409D-8CD4-A7180E731E6F}.Debug|x86.Build.0 = Debug|Any CPU
		{477288B1-B548-409D-8CD4-A7180E731E6F}.Debug|x86.Deploy.0 = Debug|Any CPU
		{477288B1-B548-409D-8CD4-A7180E731E6F}.Release|Any CPU.ActiveCfg = Release|Any CPU
		{477288B1-B548-409D-8CD4-A7180E731E6F}.Release|Any CPU.Build.0 = Release|Any CPU
		{477288B1-B548-409D-8CD4-A7180E731E6F}.Release|Any CPU.Deploy.0 = Release|Any CPU
		{477288B1-B548-409D-8CD4-A7180E731E6F}.Release|ARM.ActiveCfg = Release|Any CPU
		{477288B1-B548-409D-8CD4-A7180E731E6F}.Release|ARM.Build.0 = Release|Any CPU
		{477288B1-B548-409D-8CD4-A7180E731E6F}.Release|ARM.Deploy.0 = Release|Any CPU
		{477288B1-B548-409D-8CD4-A7180E731E6F}.Release|x64.ActiveCfg = Release|Any CPU
		{477288B1-B548-409D-8CD4-A7180E731E6F}.Release|x64.Build.0 = Release|Any CPU
		{477288B1-B548-409D-8CD4-A7180E731E6F}.Release|x64.Deploy.0 = Release|Any CPU
		{477288B1-B548-409D-8CD4-A7180E731E6F}.Release|x86.ActiveCfg = Release|Any CPU
		{477288B1-B548-409D-8CD4-A7180E731E6F}.Release|x86.Build.0 = Release|Any CPU
		{477288B1-B548-409D-8CD4-A7180E731E6F}.Release|x86.Deploy.0 = Release|Any CPU
		{6A71B2C8-196C-4FD4-B85F-ECAC1B4C35BE}.Debug|Any CPU.ActiveCfg = Debug|Any CPU
		{6A71B2C8-196C-4FD4-B85F-ECAC1B4C35BE}.Debug|Any CPU.Build.0 = Debug|Any CPU
		{6A71B2C8-196C-4FD4-B85F-ECAC1B4C35BE}.Debug|Any CPU.Deploy.0 = Debug|Any CPU
		{6A71B2C8-196C-4FD4-B85F-ECAC1B4C35BE}.Debug|ARM.ActiveCfg = Debug|Any CPU
		{6A71B2C8-196C-4FD4-B85F-ECAC1B4C35BE}.Debug|ARM.Build.0 = Debug|Any CPU
		{6A71B2C8-196C-4FD4-B85F-ECAC1B4C35BE}.Debug|ARM.Deploy.0 = Debug|Any CPU
		{6A71B2C8-196C-4FD4-B85F-ECAC1B4C35BE}.Debug|x64.ActiveCfg = Debug|Any CPU
		{6A71B2C8-196C-4FD4-B85F-ECAC1B4C35BE}.Debug|x64.Build.0 = Debug|Any CPU
		{6A71B2C8-196C-4FD4-B85F-ECAC1B4C35BE}.Debug|x64.Deploy.0 = Debug|Any CPU
		{6A71B2C8-196C-4FD4-B85F-ECAC1B4C35BE}.Debug|x86.ActiveCfg = Debug|Any CPU
		{6A71B2C8-196C-4FD4-B85F-ECAC1B4C35BE}.Debug|x86.Build.0 = Debug|Any CPU
		{6A71B2C8-196C-4FD4-B85F-ECAC1B4C35BE}.Debug|x86.Deploy.0 = Debug|Any CPU
		{6A71B2C8-196C-4FD4-B85F-ECAC1B4C35BE}.Release|Any CPU.ActiveCfg = Release|Any CPU
		{6A71B2C8-196C-4FD4-B85F-ECAC1B4C35BE}.Release|Any CPU.Build.0 = Release|Any CPU
		{6A71B2C8-196C-4FD4-B85F-ECAC1B4C35BE}.Release|Any CPU.Deploy.0 = Release|Any CPU
		{6A71B2C8-196C-4FD4-B85F-ECAC1B4C35BE}.Release|ARM.ActiveCfg = Release|Any CPU
		{6A71B2C8-196C-4FD4-B85F-ECAC1B4C35BE}.Release|ARM.Build.0 = Release|Any CPU
		{6A71B2C8-196C-4FD4-B85F-ECAC1B4C35BE}.Release|ARM.Deploy.0 = Release|Any CPU
		{6A71B2C8-196C-4FD4-B85F-ECAC1B4C35BE}.Release|x64.ActiveCfg = Release|Any CPU
		{6A71B2C8-196C-4FD4-B85F-ECAC1B4C35BE}.Release|x64.Build.0 = Release|Any CPU
		{6A71B2C8-196C-4FD4-B85F-ECAC1B4C35BE}.Release|x64.Deploy.0 = Release|Any CPU
		{6A71B2C8-196C-4FD4-B85F-ECAC1B4C35BE}.Release|x86.ActiveCfg = Release|Any CPU
		{6A71B2C8-196C-4FD4-B85F-ECAC1B4C35BE}.Release|x86.Build.0 = Release|Any CPU
		{6A71B2C8-196C-4FD4-B85F-ECAC1B4C35BE}.Release|x86.Deploy.0 = Release|Any CPU
		{9FC7142F-CDF7-44F1-8968-9DF800FD77F4}.Debug|Any CPU.ActiveCfg = Debug|Any CPU
		{9FC7142F-CDF7-44F1-8968-9DF800FD77F4}.Debug|Any CPU.Build.0 = Debug|Any CPU
		{9FC7142F-CDF7-44F1-8968-9DF800FD77F4}.Debug|ARM.ActiveCfg = Debug|Any CPU
		{9FC7142F-CDF7-44F1-8968-9DF800FD77F4}.Debug|ARM.Build.0 = Debug|Any CPU
		{9FC7142F-CDF7-44F1-8968-9DF800FD77F4}.Debug|x64.ActiveCfg = Debug|Any CPU
		{9FC7142F-CDF7-44F1-8968-9DF800FD77F4}.Debug|x64.Build.0 = Debug|Any CPU
		{9FC7142F-CDF7-44F1-8968-9DF800FD77F4}.Debug|x86.ActiveCfg = Debug|Any CPU
		{9FC7142F-CDF7-44F1-8968-9DF800FD77F4}.Debug|x86.Build.0 = Debug|Any CPU
		{9FC7142F-CDF7-44F1-8968-9DF800FD77F4}.Release|Any CPU.ActiveCfg = Release|Any CPU
		{9FC7142F-CDF7-44F1-8968-9DF800FD77F4}.Release|Any CPU.Build.0 = Release|Any CPU
		{9FC7142F-CDF7-44F1-8968-9DF800FD77F4}.Release|ARM.ActiveCfg = Release|Any CPU
		{9FC7142F-CDF7-44F1-8968-9DF800FD77F4}.Release|ARM.Build.0 = Release|Any CPU
		{9FC7142F-CDF7-44F1-8968-9DF800FD77F4}.Release|x64.ActiveCfg = Release|Any CPU
		{9FC7142F-CDF7-44F1-8968-9DF800FD77F4}.Release|x64.Build.0 = Release|Any CPU
		{9FC7142F-CDF7-44F1-8968-9DF800FD77F4}.Release|x86.ActiveCfg = Release|Any CPU
		{9FC7142F-CDF7-44F1-8968-9DF800FD77F4}.Release|x86.Build.0 = Release|Any CPU
	EndGlobalSection
	GlobalSection(SolutionProperties) = preSolution
		HideSolutionNode = FALSE
	EndGlobalSection
	GlobalSection(ExtensibilityGlobals) = postSolution
		SolutionGuid = {8230207E-B108-4CEC-8C16-CE34313C2027}
	EndGlobalSection
EndGlobal
